
Microsoft Visual Studio Solution File, Format Version 12.00
# Visual Studio Version 17
VisualStudioVersion = 17.3.32901.215
MinimumVisualStudioVersion = 10.0.40219.1
Project("{FAE04EC0-301F-11D3-BF4B-00C04F79EFBC}") = "PasswordManager", "PasswordManager\PasswordManager.csproj", "{FA74BD74-3087-4E4B-A30B-3B6D908F12DA}"
EndProject
Global
	GlobalSection(SolutionConfigurationPlatforms) = preSolution
		Debug|Any CPU = Debug|Any CPU
		Release|Any CPU = Release|Any CPU
	EndGlobalSection
	GlobalSection(ProjectConfigurationPlatforms) = postSolution
		{FA74BD74-3087-4E4B-A30B-3B6D908F12DA}.Debug|Any CPU.ActiveCfg = Debug|Any CPU
		{FA74BD74-3087-4E4B-A30B-3B6D908F12DA}.Debug|Any CPU.Build.0 = Debug|Any CPU
		{FA74BD74-3087-4E4B-A30B-3B6D908F12DA}.Release|Any CPU.ActiveCfg = Release|Any CPU
		{FA74BD74-3087-4E4B-A30B-3B6D908F12DA}.Release|Any CPU.Build.0 = Release|Any CPU
	EndGlobalSection
	GlobalSection(SolutionProperties) = preSolution
		HideSolutionNode = FALSE
	EndGlobalSection
	GlobalSection(ExtensibilityGlobals) = postSolution
		SolutionGuid = {DBF7E6F2-81C6-4387-B3DD-EF711CF1AFDC}
	EndGlobalSection
EndGlobal
